
Microsoft Visual Studio Solution File, Format Version 12.00
# Visual Studio Version 16
VisualStudioVersion = 16.0.30804.86
MinimumVisualStudioVersion = 10.0.40219.1
Project("{FAE04EC0-301F-11D3-BF4B-00C04F79EFBC}") = "Week4Day2", "Week4Day2\Week4Day2.csproj", "{791B78EB-FD0B-4989-90B5-0254C5A07D8A}"
EndProject
Global
	GlobalSection(SolutionConfigurationPlatforms) = preSolution
		Debug|Any CPU = Debug|Any CPU
		Release|Any CPU = Release|Any CPU
	EndGlobalSection
	GlobalSection(ProjectConfigurationPlatforms) = postSolution
		{791B78EB-FD0B-4989-90B5-0254C5A07D8A}.Debug|Any CPU.ActiveCfg = Debug|Any CPU
		{791B78EB-FD0B-4989-90B5-0254C5A07D8A}.Debug|Any CPU.Build.0 = Debug|Any CPU
		{791B78EB-FD0B-4989-90B5-0254C5A07D8A}.Release|Any CPU.ActiveCfg = Release|Any CPU
		{791B78EB-FD0B-4989-90B5-0254C5A07D8A}.Release|Any CPU.Build.0 = Release|Any CPU
	EndGlobalSection
	GlobalSection(SolutionProperties) = preSolution
		HideSolutionNode = FALSE
	EndGlobalSection
	GlobalSection(ExtensibilityGlobals) = postSolution
		SolutionGuid = {77D13D62-5398-498B-B25B-9F638FB84350}
	EndGlobalSection
EndGlobal
